
Microsoft Visual Studio Solution File, Format Version 12.00
# Visual Studio Version 16
VisualStudioVersion = 16.0.31313.79
MinimumVisualStudioVersion = 10.0.40219.1
Project("{F2A71F9B-5D33-465A-A702-920D77279786}") = "Problem2", "Problem2\Problem2.fsproj", "{3FD5F524-938D-42A1-AF71-1712B10F2D4E}"
EndProject
Global
	GlobalSection(SolutionConfigurationPlatforms) = preSolution
		Debug|Any CPU = Debug|Any CPU
		Release|Any CPU = Release|Any CPU
	EndGlobalSection
	GlobalSection(ProjectConfigurationPlatforms) = postSolution
		{3FD5F524-938D-42A1-AF71-1712B10F2D4E}.Debug|Any CPU.ActiveCfg = Debug|Any CPU
		{3FD5F524-938D-42A1-AF71-1712B10F2D4E}.Debug|Any CPU.Build.0 = Debug|Any CPU
		{3FD5F524-938D-42A1-AF71-1712B10F2D4E}.Release|Any CPU.ActiveCfg = Release|Any CPU
		{3FD5F524-938D-42A1-AF71-1712B10F2D4E}.Release|Any CPU.Build.0 = Release|Any CPU
	EndGlobalSection
	GlobalSection(SolutionProperties) = preSolution
		HideSolutionNode = FALSE
	EndGlobalSection
	GlobalSection(ExtensibilityGlobals) = postSolution
		SolutionGuid = {2E66DD0F-9D72-46F8-AAA5-3ADD944535AC}
	EndGlobalSection
EndGlobal
